# This file is automatically @generated by Poetry 1.8.2 and should not be changed by hand.

[[package]]
name = "ifaddr"
version = "0.2.0"
description = "Cross-platform network interface and IP address enumeration library"
optional = false
python-versions = "*"
files = [
    {file = "ifaddr-0.2.0-py3-none-any.whl", hash = "sha256:085e0305cfe6f16ab12d72e2024030f5d52674afad6911bb1eee207177b8a748"},
    {file = "ifaddr-0.2.0.tar.gz", hash = "sha256:cc0cbfcaabf765d44595825fb96a99bb12c79716b73b44330ea38ee2b0c4aed4"},
]

[[package]]
name = "psutil"
version = "6.0.0"
description = "Cross-platform lib for process and system monitoring in Python."
optional = false
python-versions = "!=3.0.*,!=3.1.*,!=3.2.*,!=3.3.*,!=3.4.*,!=3.5.*,>=2.7"
files = [
    {file = "psutil-6.0.0-cp27-cp27m-macosx_10_9_x86_64.whl", hash = "sha256:a021da3e881cd935e64a3d0a20983bda0bb4cf80e4f74fa9bfcb1bc5785360c6"},
    {file = "psutil-6.0.0-cp27-cp27m-manylinux2010_i686.whl", hash = "sha256:1287c2b95f1c0a364d23bc6f2ea2365a8d4d9b726a3be7294296ff7ba97c17f0"},
    {file = "psutil-6.0.0-cp27-cp27m-manylinux2010_x86_64.whl", hash = "sha256:a9a3dbfb4de4f18174528d87cc352d1f788b7496991cca33c6996f40c9e3c92c"},
    {file = "psutil-6.0.0-cp27-cp27mu-manylinux2010_i686.whl", hash = "sha256:6ec7588fb3ddaec7344a825afe298db83fe01bfaaab39155fa84cf1c0d6b13c3"},
    {file = "psutil-6.0.0-cp27-cp27mu-manylinux2010_x86_64.whl", hash = "sha256:1e7c870afcb7d91fdea2b37c24aeb08f98b6d67257a5cb0a8bc3ac68d0f1a68c"},
    {file = "psutil-6.0.0-cp27-none-win32.whl", hash = "sha256:02b69001f44cc73c1c5279d02b30a817e339ceb258ad75997325e0e6169d8b35"},
    {file = "psutil-6.0.0-cp27-none-win_amd64.whl", hash = "sha256:21f1fb635deccd510f69f485b87433460a603919b45e2a324ad65b0cc74f8fb1"},
    {file = "psutil-6.0.0-cp36-abi3-macosx_10_9_x86_64.whl", hash = "sha256:c588a7e9b1173b6e866756dde596fd4cad94f9399daf99ad8c3258b3cb2b47a0"},
    {file = "psutil-6.0.0-cp36-abi3-manylinux_2_12_i686.manylinux2010_i686.manylinux_2_17_i686.manylinux2014_i686.whl", hash = "sha256:6ed2440ada7ef7d0d608f20ad89a04ec47d2d3ab7190896cd62ca5fc4fe08bf0"},
    {file = "psutil-6.0.0-cp36-abi3-manylinux_2_12_x86_64.manylinux2010_x86_64.manylinux_2_17_x86_64.manylinux2014_x86_64.whl", hash = "sha256:5fd9a97c8e94059b0ef54a7d4baf13b405011176c3b6ff257c247cae0d560ecd"},
    {file = "psutil-6.0.0-cp36-abi3-manylinux_2_17_aarch64.manylinux2014_aarch64.whl", hash = "sha256:e2e8d0054fc88153ca0544f5c4d554d42e33df2e009c4ff42284ac9ebdef4132"},
    {file = "psutil-6.0.0-cp36-cp36m-win32.whl", hash = "sha256:fc8c9510cde0146432bbdb433322861ee8c3efbf8589865c8bf8d21cb30c4d14"},
    {file = "psutil-6.0.0-cp36-cp36m-win_amd64.whl", hash = "sha256:34859b8d8f423b86e4385ff3665d3f4d94be3cdf48221fbe476e883514fdb71c"},
    {file = "psutil-6.0.0-cp37-abi3-win32.whl", hash = "sha256:a495580d6bae27291324fe60cea0b5a7c23fa36a7cd35035a16d93bdcf076b9d"},
    {file = "psutil-6.0.0-cp37-abi3-win_amd64.whl", hash = "sha256:33ea5e1c975250a720b3a6609c490db40dae5d83a4eb315170c4fe0d8b1f34b3"},
    {file = "psutil-6.0.0-cp38-abi3-macosx_11_0_arm64.whl", hash = "sha256:ffe7fc9b6b36beadc8c322f84e1caff51e8703b88eee1da46d1e3a6ae11b4fd0"},
    {file = "psutil-6.0.0.tar.gz", hash = "sha256:8faae4f310b6d969fa26ca0545338b21f73c6b15db7c4a8d934a5482faa818f2"},
]

[package.extras]
test = ["enum34", "ipaddress", "mock", "pywin32", "wmi"]

[[package]]
name = "pyusb"
version = "1.2.1"
description = "Python USB access module"
optional = false
python-versions = ">=3.6.0"
files = [
    {file = "pyusb-1.2.1-py3-none-any.whl", hash = "sha256:2b4c7cb86dbadf044dfb9d3a4ff69fd217013dbe78a792177a3feb172449ea36"},
    {file = "pyusb-1.2.1.tar.gz", hash = "sha256:a4cc7404a203144754164b8b40994e2849fde1cfff06b08492f12fff9d9de7b9"},
]

[[package]]
name = "pyvisa"
version = "1.14.1"
description = "Python VISA bindings for GPIB, RS232, TCPIP and USB instruments"
optional = false
python-versions = ">=3.8"
files = [
    {file = "PyVISA-1.14.1-py3-none-any.whl", hash = "sha256:6e4dfc9b6029b4f00d0d4960348c4889c2747aa7f83276950d48a349eab36a45"},
    {file = "PyVISA-1.14.1.tar.gz", hash = "sha256:71030041ed4c5dad77687454cf44b8be4d1642e9d1aaa22019248d41d8ed7a79"},
]

[package.dependencies]
typing-extensions = "*"

[[package]]
name = "pyvisa-py"
version = "0.7.2"
description = "Pure Python implementation of a VISA library."
optional = false
python-versions = ">=3.8"
files = [
    {file = "PyVISA-py-0.7.2.tar.gz", hash = "sha256:4c5f5b867858457dbebfff92a42fba2d8b046d28defbbec2a09e3c1f0850e851"},
    {file = "PyVISA_py-0.7.2-py3-none-any.whl", hash = "sha256:c53b941a5ee6547aadc5321f930c924dd5c4434891bc512fcafcdd5a4a8d110d"},
]

[package.dependencies]
pyvisa = ">=1.13.0"
typing-extensions = "*"

[package.extras]
gpib-ctypes = ["gpib-ctypes (>=0.3.0)"]
hislip-discovery = ["zeroconf"]
psutil = ["psutil"]
serial = ["pyserial (>=3.0)"]
usb = ["pyusb"]
vicp = ["pyvicp", "zeroconf"]

[[package]]
name = "typing-extensions"
version = "4.12.2"
description = "Backported and Experimental Type Hints for Python 3.8+"
optional = false
python-versions = ">=3.8"
files = [
    {file = "typing_extensions-4.12.2-py3-none-any.whl", hash = "sha256:04e5ca0351e0f3f85c6853954072df659d0d13fac324d0072316b67d7794700d"},
    {file = "typing_extensions-4.12.2.tar.gz", hash = "sha256:1a7ead55c7e559dd4dee8856e3a88b41225abfe1ce8df57b7c13915fe121ffb8"},
]

[[package]]
name = "zeroconf"
version = "0.135.0"
description = "A pure python implementation of multicast DNS service discovery"
optional = false
python-versions = "<4.0,>=3.8"
files = [
    {file = "zeroconf-0.135.0-cp310-cp310-macosx_12_0_x86_64.whl", hash = "sha256:c3ad4dbe8fba5b157523c9b28a83384dc4b63bc0de7d0a03f6c3c4f869566a97"},
    {file = "zeroconf-0.135.0-cp310-cp310-macosx_14_0_arm64.whl", hash = "sha256:c343d65c8b83c1627507eed11b8dd068496b2d5b22f69f3ecaee9b0b7f6054b8"},
    {file = "zeroconf-0.135.0-cp310-cp310-manylinux_2_17_i686.manylinux_2_5_i686.manylinux1_i686.manylinux2014_i686.whl", hash = "sha256:cfeeb52fce49a28519d8153c13c8a9de8fcc11d6d356e66ce162817830c382be"},
    {file = "zeroconf-0.135.0-cp310-cp310-manylinux_2_17_x86_64.manylinux2014_x86_64.whl", hash = "sha256:83918958793df9bcf366bf95a7f2349bcff92922fe62dcd36a9e712244dfe849"},
    {file = "zeroconf-0.135.0-cp310-cp310-manylinux_2_31_x86_64.whl", hash = "sha256:434ef18520b121817336427b53f1f9e0407d69426c6296e0121320ea1c470e5a"},
    {file = "zeroconf-0.135.0-cp310-cp310-musllinux_1_2_i686.whl", hash = "sha256:909a1eb257919a03cb8473f8ce9233d7776d4aeb38e09ca142c2ba4d8cd93134"},
    {file = "zeroconf-0.135.0-cp310-cp310-musllinux_1_2_x86_64.whl", hash = "sha256:981c715dc9aa52803a477879eb3cdafbdf337773e3b8bd0de0764688fd5c0a45"},
    {file = "zeroconf-0.135.0-cp310-cp310-win32.whl", hash = "sha256:cf37895e484a539c0f5e976d5492bda8898a6b7c77c6ee84607bd40b4be6e719"},
    {file = "zeroconf-0.135.0-cp310-cp310-win_amd64.whl", hash = "sha256:818754f058031360e8bf38c812374e38536ca1449514829fa9e379b6f896f45d"},
    {file = "zeroconf-0.135.0-cp311-cp311-macosx_12_0_x86_64.whl", hash = "sha256:54997ba3ea286cc5e2a3e7c20c5c0eecc33b6416ad465e78d493b55195d273a4"},
    {file = "zeroconf-0.135.0-cp311-cp311-macosx_14_0_arm64.whl", hash = "sha256:17aea17f25fd7e5689e01d84bafe9f9af6ef600b74a205f7c6b4332249e5acb0"},
    {file = "zeroconf-0.135.0-cp311-cp311-manylinux_2_17_aarch64.manylinux2014_aarch64.whl", hash = "sha256:8a31f60fef58f58fe340381677a1dee1dd64c4b389ea992356a8a6d76ede259d"},
    {file = "zeroconf-0.135.0-cp311-cp311-manylinux_2_17_i686.manylinux_2_5_i686.manylinux1_i686.manylinux2014_i686.whl", hash = "sha256:314a4ef6c23141467878ca6660c0ff2280fa3731508bdf7e29847eb2c7ef143f"},
    {file = "zeroconf-0.135.0-cp311-cp311-manylinux_2_17_x86_64.manylinux2014_x86_64.whl", hash = "sha256:f179c9ae2dbd374ada6bb97bc5801e40e6044b7f3f9470af521ff01bd73233f7"},
    {file = "zeroconf-0.135.0-cp311-cp311-musllinux_1_2_i686.whl", hash = "sha256:05a92a64d102ba63b47f16e9c9a1f4da89b2d7ee1a91680cfc121c9d3a5cd1bf"},
    {file = "zeroconf-0.135.0-cp311-cp311-musllinux_1_2_x86_64.whl", hash = "sha256:bee6f932bc274a7c631fc231dc62de2c800d22d032a65a3b18fca6a6c7853890"},
    {file = "zeroconf-0.135.0-cp311-cp311-win32.whl", hash = "sha256:4ef34a492ad73f76bde5f6b8e2635cc96dce2a6ca0ac6664c8cccf9941527f70"},
    {file = "zeroconf-0.135.0-cp311-cp311-win_amd64.whl", hash = "sha256:8b4819bdc5058e3cf0d8ace112a91acaf883a743d0e25fe392fd3c0f314abe92"},
    {file = "zeroconf-0.135.0-cp312-cp312-macosx_12_0_x86_64.whl", hash = "sha256:3e1a47beb424cc304c4724526799a0d250f9daead9aa2b2bcd5fbffb6fc4c82e"},
    {file = "zeroconf-0.135.0-cp312-cp312-macosx_14_0_arm64.whl", hash = "sha256:a5d889da0d311a112fd93342cea6a74650dcd4ef78ba6895e3a1430fcd99c276"},
    {file = "zeroconf-0.135.0-cp312-cp312-manylinux_2_17_aarch64.manylinux2014_aarch64.whl", hash = "sha256:e8927d1fa25b148df856628f9761e84c282ad8c7e8593eef667d82692e97de5d"},
    {file = "zeroconf-0.135.0-cp312-cp312-manylinux_2_17_i686.manylinux_2_5_i686.manylinux1_i686.manylinux2014_i686.whl", hash = "sha256:13f0f193d9e9f03e0139cd9ad107c9f1e6e5265a86e82d46b09b172d90310a7a"},
    {file = "zeroconf-0.135.0-cp312-cp312-manylinux_2_17_x86_64.manylinux2014_x86_64.whl", hash = "sha256:477e792a17b4830f9fa884ce999e085f4d2ad896b32351c394366ffbf08fa4b6"},
    {file = "zeroconf-0.135.0-cp312-cp312-musllinux_1_2_i686.whl", hash = "sha256:442f48d4e04c43b6aebfc1461aafdf975d330c99d43adf3a6c8371d683c555bc"},
    {file = "zeroconf-0.135.0-cp312-cp312-musllinux_1_2_x86_64.whl", hash = "sha256:2b1d6da21cf32746093b3aa6c0aec0fa28b3ea456270686a794b117629eee04b"},
    {file = "zeroconf-0.135.0-cp312-cp312-win32.whl", hash = "sha256:15e7289a9d2a6dcef7c9486f32a4c925a7c462e89318310f48cf273dc6570b00"},
    {file = "zeroconf-0.135.0-cp312-cp312-win_amd64.whl", hash = "sha256:34178d43d64d1a37a9dcf44b00f538f61822d42be1297774ec7b12f1be6df058"},
    {file = "zeroconf-0.135.0-cp313-cp313-macosx_12_0_x86_64.whl", hash = "sha256:d870f6726619a2cd20a23c33db7b4fe918cecb0f403960aba45a747210018f52"},
    {file = "zeroconf-0.135.0-cp313-cp313-macosx_14_0_arm64.whl", hash = "sha256:f1742f426b68854df4699690d7824a9a309c90fc31e19af6a65e9ecbc3587d43"},
    {file = "zeroconf-0.135.0-cp313-cp313-manylinux_2_17_aarch64.manylinux2014_aarch64.whl", hash = "sha256:22a0e54ee8dcdc3737d5b0b161027a69b120645d28602e56cf9e8ba03bbe58de"},
    {file = "zeroconf-0.135.0-cp313-cp313-manylinux_2_17_i686.manylinux_2_5_i686.manylinux1_i686.manylinux2014_i686.whl", hash = "sha256:ccf17796f768ebfff1d81350820ed19a896b9b0b7b0b3d235d8f7b116627c2da"},
    {file = "zeroconf-0.135.0-cp313-cp313-manylinux_2_17_x86_64.manylinux2014_x86_64.whl", hash = "sha256:947cae930ccefde300f8ee596bfd87c4561a2656159f577c46ebc0400cd8c0f4"},
    {file = "zeroconf-0.135.0-cp313-cp313-musllinux_1_2_i686.whl", hash = "sha256:8ff705c05802bb438ee1dd90ac63cf1a1773a17c1fcb6b1a6c118eca1edbb30e"},
    {file = "zeroconf-0.135.0-cp313-cp313-musllinux_1_2_x86_64.whl", hash = "sha256:a3a74f51d9d7702798427057358687a4dbfde4befbd737ae48f8854cf4359e0a"},
    {file = "zeroconf-0.135.0-cp313-cp313-win32.whl", hash = "sha256:127a96d6429c855abe075c6f005091ab8a4dcc833c1fe0b2988aab542f3140db"},
    {file = "zeroconf-0.135.0-cp313-cp313-win_amd64.whl", hash = "sha256:a20d1fe41284f73791ae31c34db17b238ce5380fc91381dfceee0ee4d6a6e093"},
    {file = "zeroconf-0.135.0-cp38-cp38-macosx_12_0_x86_64.whl", hash = "sha256:067e9fa06101d1eea7ee663262ccdfb4461692cf3713a2f0632a2afae33256f6"},
    {file = "zeroconf-0.135.0-cp38-cp38-manylinux_2_17_i686.manylinux_2_5_i686.manylinux1_i686.manylinux2014_i686.whl", hash = "sha256:ec21644965dc1fe7666a662adb597be5c206e51b75a897db6a1239c2bdb953ed"},
    {file = "zeroconf-0.135.0-cp38-cp38-manylinux_2_17_x86_64.manylinux2014_x86_64.whl", hash = "sha256:52161f87c0e0e4728254adee72ffbbaccc76577f644bc725b786c23a7a72dfcf"},
    {file = "zeroconf-0.135.0-cp38-cp38-musllinux_1_2_i686.whl", hash = "sha256:5e79431a523667183a8716fa11cc513f33f10df1af74a44e4cb1b07497aec7d4"},
    {file = "zeroconf-0.135.0-cp38-cp38-musllinux_1_2_x86_64.whl", hash = "sha256:21dff1a3ac2cb86061de70186ad3eb763d1747c82fa75d5b7fc1af0ec87d2e10"},
    {file = "zeroconf-0.135.0-cp38-cp38-win32.whl", hash = "sha256:1c0dfec694c6bbe86e19ea2b7559766d719b0378ae8c31bd467279b4d39752c9"},
    {file = "zeroconf-0.135.0-cp38-cp38-win_amd64.whl", hash = "sha256:f49e3f2a8ebe9ae670a4053bfd1503497be7835ee1bee8e40b56d0f96aaa3d98"},
    {file = "zeroconf-0.135.0-cp39-cp39-macosx_12_0_x86_64.whl", hash = "sha256:30732504956a6f18831f472447949d94aa1623489c50cef9c1b51ba28a1db83d"},
    {file = "zeroconf-0.135.0-cp39-cp39-macosx_14_0_arm64.whl", hash = "sha256:9133da616af86520aabf55f879bde9538c9a4ecfec18872a75c2dceee78add1f"},
    {file = "zeroconf-0.135.0-cp39-cp39-manylinux_2_17_i686.manylinux_2_5_i686.manylinux1_i686.manylinux2014_i686.whl", hash = "sha256:a8baa632cd45766063eea80dd7ada1684b624ee9ce3a16fbe49e84fcca5aef20"},
    {file = "zeroconf-0.135.0-cp39-cp39-manylinux_2_17_x86_64.manylinux2014_x86_64.whl", hash = "sha256:266cd4230c0fb3ac325e1714ccacc285d52cf1261554b8aeebe818afc6416975"},
    {file = "zeroconf-0.135.0-cp39-cp39-musllinux_1_2_i686.whl", hash = "sha256:085b5de12fc6859d019948aa06036bce543bf39cf971cb4204c1dac2208549b3"},
    {file = "zeroconf-0.135.0-cp39-cp39-musllinux_1_2_x86_64.whl", hash = "sha256:086e92b005bd8921572b5eae779739e28e394121ba63700d2289d43127dd252c"},
    {file = "zeroconf-0.135.0-cp39-cp39-win32.whl", hash = "sha256:d9470b9b151ea23606bbfbceb54f3d138314833d5ce659c8ba67e770cb5fbc93"},
    {file = "zeroconf-0.135.0-cp39-cp39-win_amd64.whl", hash = "sha256:18bb901742a7e1a39225f0385f2734a11603febddaaf137a94ca201e09502cc2"},
    {file = "zeroconf-0.135.0-pp310-pypy310_pp73-macosx_12_0_x86_64.whl", hash = "sha256:df74ef1fdbcc2e16a51f07f7a65e741d6ba31982fbfd19d631934e5605121c86"},
    {file = "zeroconf-0.135.0-pp310-pypy310_pp73-macosx_14_0_arm64.whl", hash = "sha256:441545f513b549ea5bbe303b50072b721125eff9cffb8466e6fbcd14221ec95e"},
    {file = "zeroconf-0.135.0-pp310-pypy310_pp73-manylinux_2_17_i686.manylinux_2_5_i686.manylinux1_i686.manylinux2014_i686.whl", hash = "sha256:a7bf0502c30252fa14d74f520c836041f614e627dd9b640212003d19a9ce948a"},
    {file = "zeroconf-0.135.0-pp310-pypy310_pp73-manylinux_2_17_x86_64.manylinux2014_x86_64.whl", hash = "sha256:f12fc339660a5833a0f8054f7107063b891606f57fa2f1a69496e48f53694757"},
    {file = "zeroconf-0.135.0-pp310-pypy310_pp73-win_amd64.whl", hash = "sha256:fd52b7f53f9f62f2833f2a1ea8b6148c03b11d0378ea7fd9c062846013969915"},
    {file = "zeroconf-0.135.0-pp38-pypy38_pp73-macosx_12_0_x86_64.whl", hash = "sha256:6c363e4ae7d8e242f507ffe523c77da7d2bfb17cfffc65deeb7fe076dd6f006c"},
    {file = "zeroconf-0.135.0-pp38-pypy38_pp73-macosx_14_0_arm64.whl", hash = "sha256:9f445323ece69d3ef4c37ffa6e4cac6802212820dbc5a9e91ea1a21d4eb5c705"},
    {file = "zeroconf-0.135.0-pp38-pypy38_pp73-manylinux_2_17_i686.manylinux_2_5_i686.manylinux1_i686.manylinux2014_i686.whl", hash = "sha256:3a080f80f3cff0599ef7ce9088f8cbd68628e3e11e928dac5d2e0289b08f3c32"},
    {file = "zeroconf-0.135.0-pp38-pypy38_pp73-manylinux_2_17_x86_64.manylinux2014_x86_64.whl", hash = "sha256:69b52c405238a5096e7287950f1b560c43d0fa274fe42e1922ae1874dd395eaf"},
    {file = "zeroconf-0.135.0-pp38-pypy38_pp73-win_amd64.whl", hash = "sha256:b30beb41a1f97b32fe1baf6bddb67731c562aa336d147d656b0c018383df54dd"},
    {file = "zeroconf-0.135.0-pp39-pypy39_pp73-macosx_12_0_x86_64.whl", hash = "sha256:3a3706a9e890300b2c09aff836f2a62fe713540b8a5e72f7406dc967d9db3732"},
    {file = "zeroconf-0.135.0-pp39-pypy39_pp73-macosx_14_0_arm64.whl", hash = "sha256:e8f895b9006600e770ea6b8d367004acf88b260947fea23fd14a092f92d427ec"},
    {file = "zeroconf-0.135.0-pp39-pypy39_pp73-manylinux_2_17_i686.manylinux_2_5_i686.manylinux1_i686.manylinux2014_i686.whl", hash = "sha256:b7133617517eee0b4b8b4142ead7c9d786bb264512229e3d4bdc87438615251a"},
    {file = "zeroconf-0.135.0-pp39-pypy39_pp73-manylinux_2_17_x86_64.manylinux2014_x86_64.whl", hash = "sha256:19e2704d07fa27119b10bbb2da1d67e5edca32c802ae426f7ac626d85de32409"},
    {file = "zeroconf-0.135.0-pp39-pypy39_pp73-win_amd64.whl", hash = "sha256:d9d6f0c8425816923944691b27f999d191300b17a205a4d11471eb943d6bb91e"},
    {file = "zeroconf-0.135.0.tar.gz", hash = "sha256:9424551ef5a8d91fa8296bb1791e83b31afcd17a336a071928d4a978d7b96b72"},
]

[package.dependencies]
ifaddr = ">=0.1.7"

[metadata]
lock-version = "2.0"
python-versions = "^3.12"
content-hash = "f79d9460c747529b9aa9e9285dff3ea2a02141c82538fc2456290b1f58fc43f3"
